{
    "requires": true,
    "lockfileVersion": 1,
    "dependencies": {
        "yandex.translate": {
            "version": "1.0.1",
            "resolved": "https://registry.npmjs.org/yandex.translate/-/yandex.translate-1.0.1.tgz",
            "integrity": "sha1-uxB0KIv5UPX02fiadDqgRjIDZ2I="
        }
    }
}
